
Microsoft Visual Studio Solution File, Format Version 12.00
# Visual Studio Version 17
VisualStudioVersion = 17.9.34728.123
MinimumVisualStudioVersion = 10.0.40219.1
Project("{FAE04EC0-301F-11D3-BF4B-00C04F79EFBC}") = "ST10229540_PROG7312_POE", "ST10229540_PROG7312_POE.csproj", "{B4CB44A9-070B-4342-9E51-4DE7F4E96FC0}"
EndProject
Global
	GlobalSection(SolutionConfigurationPlatforms) = preSolution
		Debug|Any CPU = Debug|Any CPU
		Release|Any CPU = Release|Any CPU
	EndGlobalSection
	GlobalSection(ProjectConfigurationPlatforms) = postSolution
		{B4CB44A9-070B-4342-9E51-4DE7F4E96FC0}.Debug|Any CPU.ActiveCfg = Debug|Any CPU
		{B4CB44A9-070B-4342-9E51-4DE7F4E96FC0}.Debug|Any CPU.Build.0 = Debug|Any CPU
		{B4CB44A9-070B-4342-9E51-4DE7F4E96FC0}.Release|Any CPU.ActiveCfg = Release|Any CPU
		{B4CB44A9-070B-4342-9E51-4DE7F4E96FC0}.Release|Any CPU.Build.0 = Release|Any CPU
	EndGlobalSection
	GlobalSection(SolutionProperties) = preSolution
		HideSolutionNode = FALSE
	EndGlobalSection
	GlobalSection(ExtensibilityGlobals) = postSolution
		SolutionGuid = {141EBFF6-EE71-4CF0-AE63-8416C0F701A2}
	EndGlobalSection
EndGlobal
